// !$*UTF8*$!
{
	archiveVersion = 1;
	classes = {
	};
	objectVersion = 56;
	objects = {

/* Begin PBXBuildFile section */
		EED1967929B4DF080010579C /* TaskmasterApp.swift in Sources */ = {isa = PBXBuildFile; fileRef = EED1967829B4DF080010579C /* TaskmasterApp.swift */; };
		EED1967B29B4DF080010579C /* ContentView.swift in Sources */ = {isa = PBXBuildFile; fileRef = EED1967A29B4DF080010579C /* ContentView.swift */; };
		EED1967D29B4DF090010579C /* Assets.xcassets in Resources */ = {isa = PBXBuildFile; fileRef = EED1967C29B4DF090010579C /* Assets.xcassets */; };
		EED1968029B4DF090010579C /* Preview Assets.xcassets in Resources */ = {isa = PBXBuildFile; fileRef = EED1967F29B4DF090010579C /* Preview Assets.xcassets */; };
		EED1968229B4DF090010579C /* Persistence.swift in Sources */ = {isa = PBXBuildFile; fileRef = EED1968129B4DF090010579C /* Persistence.swift */; };
		EED1968529B4DF090010579C /* Taskmaster.xcdatamodeld in Sources */ = {isa = PBXBuildFile; fileRef = EED1968329B4DF090010579C /* Taskmaster.xcdatamodeld */; };
		EED1968E29B4E0890010579C /* sound-rise.mp3 in Resources */ = {isa = PBXBuildFile; fileRef = EED1968B29B4E0890010579C /* sound-rise.mp3 */; };
		EED1968F29B4E0890010579C /* sound-ding.mp3 in Resources */ = {isa = PBXBuildFile; fileRef = EED1968C29B4E0890010579C /* sound-ding.mp3 */; };
		EED1969029B4E0890010579C /* sound-tap.mp3 in Resources */ = {isa = PBXBuildFile; fileRef = EED1968D29B4E0890010579C /* sound-tap.mp3 */; };
		EED1969A29B6343E0010579C /* HideKeyboardExtension.swift in Sources */ = {isa = PBXBuildFile; fileRef = EED1969929B6343E0010579C /* HideKeyboardExtension.swift */; };
		EED1969C29B6360D0010579C /* Constant.swift in Sources */ = {isa = PBXBuildFile; fileRef = EED1969B29B6360D0010579C /* Constant.swift */; };
		EED1969E29B637F90010579C /* NewTaskItemView.swift in Sources */ = {isa = PBXBuildFile; fileRef = EED1969D29B637F90010579C /* NewTaskItemView.swift */; };
		EED196A029B63C0E0010579C /* BlankView.swift in Sources */ = {isa = PBXBuildFile; fileRef = EED1969F29B63C0E0010579C /* BlankView.swift */; };
		EED196A229B644570010579C /* ListRowItemView.swift in Sources */ = {isa = PBXBuildFile; fileRef = EED196A129B644570010579C /* ListRowItemView.swift */; };
		EED196A429B6468C0010579C /* CheckBoxStyle.swift in Sources */ = {isa = PBXBuildFile; fileRef = EED196A329B6468C0010579C /* CheckBoxStyle.swift */; };
		EED196A629B64A980010579C /* SoundPlayer.swift in Sources */ = {isa = PBXBuildFile; fileRef = EED196A529B64A980010579C /* SoundPlayer.swift */; };
/* End PBXBuildFile section */

/* Begin PBXFileReference section */
		EED1967529B4DF080010579C /* Taskmaster.app */ = {isa = PBXFileReference; explicitFileType = wrapper.application; includeInIndex = 0; path = Taskmaster.app; sourceTree = BUILT_PRODUCTS_DIR; };
		EED1967829B4DF080010579C /* TaskmasterApp.swift */ = {isa = PBXFileReference; lastKnownFileType = sourcecode.swift; path = TaskmasterApp.swift; sourceTree = "<group>"; };
		EED1967A29B4DF080010579C /* ContentView.swift */ = {isa = PBXFileReference; lastKnownFileType = sourcecode.swift; path = ContentView.swift; sourceTree = "<group>"; };
		EED1967C29B4DF090010579C /* Assets.xcassets */ = {isa = PBXFileReference; lastKnownFileType = folder.assetcatalog; path = Assets.xcassets; sourceTree = "<group>"; };
		EED1967F29B4DF090010579C /* Preview Assets.xcassets */ = {isa = PBXFileReference; lastKnownFileType = folder.assetcatalog; path = "Preview Assets.xcassets"; sourceTree = "<group>"; };
		EED1968129B4DF090010579C /* Persistence.swift */ = {isa = PBXFileReference; lastKnownFileType = sourcecode.swift; path = Persistence.swift; sourceTree = "<group>"; };
		EED1968429B4DF090010579C /* Taskmaster.xcdatamodel */ = {isa = PBXFileReference; lastKnownFileType = wrapper.xcdatamodel; path = Taskmaster.xcdatamodel; sourceTree = "<group>"; };
		EED1968B29B4E0890010579C /* sound-rise.mp3 */ = {isa = PBXFileReference; lastKnownFileType = audio.mp3; path = "sound-rise.mp3"; sourceTree = "<group>"; };
		EED1968C29B4E0890010579C /* sound-ding.mp3 */ = {isa = PBXFileReference; lastKnownFileType = audio.mp3; path = "sound-ding.mp3"; sourceTree = "<group>"; };
		EED1968D29B4E0890010579C /* sound-tap.mp3 */ = {isa = PBXFileReference; lastKnownFileType = audio.mp3; path = "sound-tap.mp3"; sourceTree = "<group>"; };
		EED1969829B4ED4A0010579C /* Info.plist */ = {isa = PBXFileReference; lastKnownFileType = text.plist; path = Info.plist; sourceTree = "<group>"; };
		EED1969929B6343E0010579C /* HideKeyboardExtension.swift */ = {isa = PBXFileReference; lastKnownFileType = sourcecode.swift; path = HideKeyboardExtension.swift; sourceTree = "<group>"; };
		EED1969B29B6360D0010579C /* Constant.swift */ = {isa = PBXFileReference; lastKnownFileType = sourcecode.swift; path = Constant.swift; sourceTree = "<group>"; };
		EED1969D29B637F90010579C /* NewTaskItemView.swift */ = {isa = PBXFileReference; lastKnownFileType = sourcecode.swift; path = NewTaskItemView.swift; sourceTree = "<group>"; };
		EED1969F29B63C0E0010579C /* BlankView.swift */ = {isa = PBXFileReference; lastKnownFileType = sourcecode.swift; path = BlankView.swift; sourceTree = "<group>"; };
		EED196A129B644570010579C /* ListRowItemView.swift */ = {isa = PBXFileReference; lastKnownFileType = sourcecode.swift; path = ListRowItemView.swift; sourceTree = "<group>"; };
		EED196A329B6468C0010579C /* CheckBoxStyle.swift */ = {isa = PBXFileReference; lastKnownFileType = sourcecode.swift; path = CheckBoxStyle.swift; sourceTree = "<group>"; };
		EED196A529B64A980010579C /* SoundPlayer.swift */ = {isa = PBXFileReference; lastKnownFileType = sourcecode.swift; path = SoundPlayer.swift; sourceTree = "<group>"; };
/* End PBXFileReference section */

/* Begin PBXFrameworksBuildPhase section */
		EED1967229B4DF080010579C /* Frameworks */ = {
			isa = PBXFrameworksBuildPhase;
			buildActionMask = 2147483647;
			files = (
			);
			runOnlyForDeploymentPostprocessing = 0;
		};
/* End PBXFrameworksBuildPhase section */

/* Begin PBXGroup section */
		EED1966C29B4DF080010579C = {
			isa = PBXGroup;
			children = (
				EED1967729B4DF080010579C /* Taskmaster */,
				EED1967629B4DF080010579C /* Products */,
			);
			sourceTree = "<group>";
		};
		EED1967629B4DF080010579C /* Products */ = {
			isa = PBXGroup;
			children = (
				EED1967529B4DF080010579C /* Taskmaster.app */,
			);
			name = Products;
			sourceTree = "<group>";
		};
		EED1967729B4DF080010579C /* Taskmaster */ = {
			isa = PBXGroup;
			children = (
				EED1969329B4ECC80010579C /* App */,
				EED1969729B4ECEE0010579C /* Model */,
				EED1969229B4ECBE0010579C /* Views */,
				EED1969629B4ECDF0010579C /* Style */,
				EED1969529B4ECD70010579C /* Utilities */,
				EED1969429B4ECD00010579C /* Extension */,
				EED1967C29B4DF090010579C /* Assets.xcassets */,
				EED1969129B4E08D0010579C /* Sounds */,
				EED1969829B4ED4A0010579C /* Info.plist */,
				EED1967E29B4DF090010579C /* Preview Content */,
			);
			path = Taskmaster;
			sourceTree = "<group>";
		};
		EED1967E29B4DF090010579C /* Preview Content */ = {
			isa = PBXGroup;
			children = (
				EED1967F29B4DF090010579C /* Preview Assets.xcassets */,
			);
			path = "Preview Content";
			sourceTree = "<group>";
		};
		EED1969129B4E08D0010579C /* Sounds */ = {
			isa = PBXGroup;
			children = (
				EED1968C29B4E0890010579C /* sound-ding.mp3 */,
				EED1968B29B4E0890010579C /* sound-rise.mp3 */,
				EED1968D29B4E0890010579C /* sound-tap.mp3 */,
			);
			path = Sounds;
			sourceTree = "<group>";
		};
		EED1969229B4ECBE0010579C /* Views */ = {
			isa = PBXGroup;
			children = (
				EED1967A29B4DF080010579C /* ContentView.swift */,
				EED1969D29B637F90010579C /* NewTaskItemView.swift */,
				EED196A129B644570010579C /* ListRowItemView.swift */,
				EED1969F29B63C0E0010579C /* BlankView.swift */,
			);
			path = Views;
			sourceTree = "<group>";
		};
		EED1969329B4ECC80010579C /* App */ = {
			isa = PBXGroup;
			children = (
				EED1967829B4DF080010579C /* TaskmasterApp.swift */,
			);
			path = App;
			sourceTree = "<group>";
		};
		EED1969429B4ECD00010579C /* Extension */ = {
			isa = PBXGroup;
			children = (
				EED1969929B6343E0010579C /* HideKeyboardExtension.swift */,
			);
			path = Extension;
			sourceTree = "<group>";
		};
		EED1969529B4ECD70010579C /* Utilities */ = {
			isa = PBXGroup;
			children = (
				EED1969B29B6360D0010579C /* Constant.swift */,
				EED196A529B64A980010579C /* SoundPlayer.swift */,
			);
			path = Utilities;
			sourceTree = "<group>";
		};
		EED1969629B4ECDF0010579C /* Style */ = {
			isa = PBXGroup;
			children = (
				EED196A329B6468C0010579C /* CheckBoxStyle.swift */,
			);
			path = Style;
			sourceTree = "<group>";
		};
		EED1969729B4ECEE0010579C /* Model */ = {
			isa = PBXGroup;
			children = (
				EED1968129B4DF090010579C /* Persistence.swift */,
				EED1968329B4DF090010579C /* Taskmaster.xcdatamodeld */,
			);
			path = Model;
			sourceTree = "<group>";
		};
/* End PBXGroup section */

/* Begin PBXNativeTarget section */
		EED1967429B4DF080010579C /* Taskmaster */ = {
			isa = PBXNativeTarget;
			buildConfigurationList = EED1968829B4DF090010579C /* Build configuration list for PBXNativeTarget "Taskmaster" */;
			buildPhases = (
				EED1967129B4DF080010579C /* Sources */,
				EED1967229B4DF080010579C /* Frameworks */,
				EED1967329B4DF080010579C /* Resources */,
			);
			buildRules = (
			);
			dependencies = (
			);
			name = Taskmaster;
			productName = Taskmaster;
			productReference = EED1967529B4DF080010579C /* Taskmaster.app */;
			productType = "com.apple.product-type.application";
		};
/* End PBXNativeTarget section */

/* Begin PBXProject section */
		EED1966D29B4DF080010579C /* Project object */ = {
			isa = PBXProject;
			attributes = {
				BuildIndependentTargetsInParallel = 1;
				LastSwiftUpdateCheck = 1420;
				LastUpgradeCheck = 1420;
				TargetAttributes = {
					EED1967429B4DF080010579C = {
						CreatedOnToolsVersion = 14.2;
					};
				};
			};
			buildConfigurationList = EED1967029B4DF080010579C /* Build configuration list for PBXProject "Taskmaster" */;
			compatibilityVersion = "Xcode 14.0";
			developmentRegion = en;
			hasScannedForEncodings = 0;
			knownRegions = (
				en,
				Base,
			);
			mainGroup = EED1966C29B4DF080010579C;
			productRefGroup = EED1967629B4DF080010579C /* Products */;
			projectDirPath = "";
			projectRoot = "";
			targets = (
				EED1967429B4DF080010579C /* Taskmaster */,
			);
		};
/* End PBXProject section */

/* Begin PBXResourcesBuildPhase section */
		EED1967329B4DF080010579C /* Resources */ = {
			isa = PBXResourcesBuildPhase;
			buildActionMask = 2147483647;
			files = (
				EED1968F29B4E0890010579C /* sound-ding.mp3 in Resources */,
				EED1968E29B4E0890010579C /* sound-rise.mp3 in Resources */,
				EED1968029B4DF090010579C /* Preview Assets.xcassets in Resources */,
				EED1969029B4E0890010579C /* sound-tap.mp3 in Resources */,
				EED1967D29B4DF090010579C /* Assets.xcassets in Resources */,
			);
			runOnlyForDeploymentPostprocessing = 0;
		};
/* End PBXResourcesBuildPhase section */

/* Begin PBXSourcesBuildPhase section */
		EED1967129B4DF080010579C /* Sources */ = {
			isa = PBXSourcesBuildPhase;
			buildActionMask = 2147483647;
			files = (
				EED196A429B6468C0010579C /* CheckBoxStyle.swift in Sources */,
				EED196A229B644570010579C /* ListRowItemView.swift in Sources */,
				EED196A629B64A980010579C /* SoundPlayer.swift in Sources */,
				EED1969E29B637F90010579C /* NewTaskItemView.swift in Sources */,
				EED1968229B4DF090010579C /* Persistence.swift in Sources */,
				EED1967B29B4DF080010579C /* ContentView.swift in Sources */,
				EED1969A29B6343E0010579C /* HideKeyboardExtension.swift in Sources */,
				EED1968529B4DF090010579C /* Taskmaster.xcdatamodeld in Sources */,
				EED196A029B63C0E0010579C /* BlankView.swift in Sources */,
				EED1967929B4DF080010579C /* TaskmasterApp.swift in Sources */,
				EED1969C29B6360D0010579C /* Constant.swift in Sources */,
			);
			runOnlyForDeploymentPostprocessing = 0;
		};
/* End PBXSourcesBuildPhase section */

/* Begin XCBuildConfiguration section */
		EED1968629B4DF090010579C /* Debug */ = {
			isa = XCBuildConfiguration;
			buildSettings = {
				ALWAYS_SEARCH_USER_PATHS = NO;
				CLANG_ANALYZER_NONNULL = YES;
				CLANG_ANALYZER_NUMBER_OBJECT_CONVERSION = YES_AGGRESSIVE;
				CLANG_CXX_LANGUAGE_STANDARD = "gnu++20";
				CLANG_ENABLE_MODULES = YES;
				CLANG_ENABLE_OBJC_ARC = YES;
				CLANG_ENABLE_OBJC_WEAK = YES;
				CLANG_WARN_BLOCK_CAPTURE_AUTORELEASING = YES;
				CLANG_WARN_BOOL_CONVERSION = YES;
				CLANG_WARN_COMMA = YES;
				CLANG_WARN_CONSTANT_CONVERSION = YES;
				CLANG_WARN_DEPRECATED_OBJC_IMPLEMENTATIONS = YES;
				CLANG_WARN_DIRECT_OBJC_ISA_USAGE = YES_ERROR;
				CLANG_WARN_DOCUMENTATION_COMMENTS = YES;
				CLANG_WARN_EMPTY_BODY = YES;
				CLANG_WARN_ENUM_CONVERSION = YES;
				CLANG_WARN_INFINITE_RECURSION = YES;
				CLANG_WARN_INT_CONVERSION = YES;
				CLANG_WARN_NON_LITERAL_NULL_CONVERSION = YES;
				CLANG_WARN_OBJC_IMPLICIT_RETAIN_SELF = YES;
				CLANG_WARN_OBJC_LITERAL_CONVERSION = YES;
				CLANG_WARN_OBJC_ROOT_CLASS = YES_ERROR;
				CLANG_WARN_QUOTED_INCLUDE_IN_FRAMEWORK_HEADER = YES;
				CLANG_WARN_RANGE_LOOP_ANALYSIS = YES;
				CLANG_WARN_STRICT_PROTOTYPES = YES;
				CLANG_WARN_SUSPICIOUS_MOVE = YES;
				CLANG_WARN_UNGUARDED_AVAILABILITY = YES_AGGRESSIVE;
				CLANG_WARN_UNREACHABLE_CODE = YES;
				CLANG_WARN__DUPLICATE_METHOD_MATCH = YES;
				COPY_PHASE_STRIP = NO;
				DEBUG_INFORMATION_FORMAT = dwarf;
				ENABLE_STRICT_OBJC_MSGSEND = YES;
				ENABLE_TESTABILITY = YES;
				GCC_C_LANGUAGE_STANDARD = gnu11;
				GCC_DYNAMIC_NO_PIC = NO;
				GCC_NO_COMMON_BLOCKS = YES;
				GCC_OPTIMIZATION_LEVEL = 0;
				GCC_PREPROCESSOR_DEFINITIONS = (
					"DEBUG=1",
					"$(inherited)",
				);
				GCC_WARN_64_TO_32_BIT_CONVERSION = YES;
				GCC_WARN_ABOUT_RETURN_TYPE = YES_ERROR;
				GCC_WARN_UNDECLARED_SELECTOR = YES;
				GCC_WARN_UNINITIALIZED_AUTOS = YES_AGGRESSIVE;
				GCC_WARN_UNUSED_FUNCTION = YES;
				GCC_WARN_UNUSED_VARIABLE = YES;
				IPHONEOS_DEPLOYMENT_TARGET = 16.2;
				MTL_ENABLE_DEBUG_INFO = INCLUDE_SOURCE;
				MTL_FAST_MATH = YES;
				ONLY_ACTIVE_ARCH = YES;
				SDKROOT = iphoneos;
				SWIFT_ACTIVE_COMPILATION_CONDITIONS = DEBUG;
				SWIFT_OPTIMIZATION_LEVEL = "-Onone";
			};
			name = Debug;
		};
		EED1968729B4DF090010579C /* Release */ = {
			isa = XCBuildConfiguration;
			buildSettings = {
				ALWAYS_SEARCH_USER_PATHS = NO;
				CLANG_ANALYZER_NONNULL = YES;
				CLANG_ANALYZER_NUMBER_OBJECT_CONVERSION = YES_AGGRESSIVE;
				CLANG_CXX_LANGUAGE_STANDARD = "gnu++20";
				CLANG_ENABLE_MODULES = YES;
				CLANG_ENABLE_OBJC_ARC = YES;
				CLANG_ENABLE_OBJC_WEAK = YES;
				CLANG_WARN_BLOCK_CAPTURE_AUTORELEASING = YES;
				CLANG_WARN_BOOL_CONVERSION = YES;
				CLANG_WARN_COMMA = YES;
				CLANG_WARN_CONSTANT_CONVERSION = YES;
				CLANG_WARN_DEPRECATED_OBJC_IMPLEMENTATIONS = YES;
				CLANG_WARN_DIRECT_OBJC_ISA_USAGE = YES_ERROR;
				CLANG_WARN_DOCUMENTATION_COMMENTS = YES;
				CLANG_WARN_EMPTY_BODY = YES;
				CLANG_WARN_ENUM_CONVERSION = YES;
				CLANG_WARN_INFINITE_RECURSION = YES;
				CLANG_WARN_INT_CONVERSION = YES;
				CLANG_WARN_NON_LITERAL_NULL_CONVERSION = YES;
				CLANG_WARN_OBJC_IMPLICIT_RETAIN_SELF = YES;
				CLANG_WARN_OBJC_LITERAL_CONVERSION = YES;
				CLANG_WARN_OBJC_ROOT_CLASS = YES_ERROR;
				CLANG_WARN_QUOTED_INCLUDE_IN_FRAMEWORK_HEADER = YES;
				CLANG_WARN_RANGE_LOOP_ANALYSIS = YES;
				CLANG_WARN_STRICT_PROTOTYPES = YES;
				CLANG_WARN_SUSPICIOUS_MOVE = YES;
				CLANG_WARN_UNGUARDED_AVAILABILITY = YES_AGGRESSIVE;
				CLANG_WARN_UNREACHABLE_CODE = YES;
				CLANG_WARN__DUPLICATE_METHOD_MATCH = YES;
				COPY_PHASE_STRIP = NO;
				DEBUG_INFORMATION_FORMAT = "dwarf-with-dsym";
				ENABLE_NS_ASSERTIONS = NO;
				ENABLE_STRICT_OBJC_MSGSEND = YES;
				GCC_C_LANGUAGE_STANDARD = gnu11;
				GCC_NO_COMMON_BLOCKS = YES;
				GCC_WARN_64_TO_32_BIT_CONVERSION = YES;
				GCC_WARN_ABOUT_RETURN_TYPE = YES_ERROR;
				GCC_WARN_UNDECLARED_SELECTOR = YES;
				GCC_WARN_UNINITIALIZED_AUTOS = YES_AGGRESSIVE;
				GCC_WARN_UNUSED_FUNCTION = YES;
				GCC_WARN_UNUSED_VARIABLE = YES;
				IPHONEOS_DEPLOYMENT_TARGET = 16.2;
				MTL_ENABLE_DEBUG_INFO = NO;
				MTL_FAST_MATH = YES;
				SDKROOT = iphoneos;
				SWIFT_COMPILATION_MODE = wholemodule;
				SWIFT_OPTIMIZATION_LEVEL = "-O";
				VALIDATE_PRODUCT = YES;
			};
			name = Release;
		};
		EED1968929B4DF090010579C /* Debug */ = {
			isa = XCBuildConfiguration;
			buildSettings = {
				ASSETCATALOG_COMPILER_APPICON_NAME = AppIcon;
				ASSETCATALOG_COMPILER_GLOBAL_ACCENT_COLOR_NAME = AccentColor;
				CODE_SIGN_STYLE = Automatic;
				CURRENT_PROJECT_VERSION = 1;
				DEVELOPMENT_ASSET_PATHS = "\"Taskmaster/Preview Content\"";
				DEVELOPMENT_TEAM = ZC8Z8DCUY6;
				ENABLE_PREVIEWS = YES;
				GENERATE_INFOPLIST_FILE = YES;
				INFOPLIST_FILE = Taskmaster/Info.plist;
				INFOPLIST_KEY_UIApplicationSceneManifest_Generation = YES;
				INFOPLIST_KEY_UIApplicationSupportsIndirectInputEvents = YES;
				INFOPLIST_KEY_UISupportedInterfaceOrientations = UIInterfaceOrientationPortrait;
				LD_RUNPATH_SEARCH_PATHS = (
					"$(inherited)",
					"@executable_path/Frameworks",
				);
				MARKETING_VERSION = 1.0;
				PRODUCT_BUNDLE_IDENTIFIER = com.amish.Taskmaster;
				PRODUCT_NAME = "$(TARGET_NAME)";
				SWIFT_EMIT_LOC_STRINGS = YES;
				SWIFT_VERSION = 5.0;
				TARGETED_DEVICE_FAMILY = "1,2";
			};
			name = Debug;
		};
		EED1968A29B4DF090010579C /* Release */ = {
			isa = XCBuildConfiguration;
			buildSettings = {
				ASSETCATALOG_COMPILER_APPICON_NAME = AppIcon;
				ASSETCATALOG_COMPILER_GLOBAL_ACCENT_COLOR_NAME = AccentColor;
				CODE_SIGN_STYLE = Automatic;
				CURRENT_PROJECT_VERSION = 1;
				DEVELOPMENT_ASSET_PATHS = "\"Taskmaster/Preview Content\"";
				DEVELOPMENT_TEAM = ZC8Z8DCUY6;
				ENABLE_PREVIEWS = YES;
				GENERATE_INFOPLIST_FILE = YES;
				INFOPLIST_FILE = Taskmaster/Info.plist;
				INFOPLIST_KEY_UIApplicationSceneManifest_Generation = YES;
				INFOPLIST_KEY_UIApplicationSupportsIndirectInputEvents = YES;
				INFOPLIST_KEY_UISupportedInterfaceOrientations = UIInterfaceOrientationPortrait;
				LD_RUNPATH_SEARCH_PATHS = (
					"$(inherited)",
					"@executable_path/Frameworks",
				);
				MARKETING_VERSION = 1.0;
				PRODUCT_BUNDLE_IDENTIFIER = com.amish.Taskmaster;
				PRODUCT_NAME = "$(TARGET_NAME)";
				SWIFT_EMIT_LOC_STRINGS = YES;
				SWIFT_VERSION = 5.0;
				TARGETED_DEVICE_FAMILY = "1,2";
			};
			name = Release;
		};
/* End XCBuildConfiguration section */

/* Begin XCConfigurationList section */
		EED1967029B4DF080010579C /* Build configuration list for PBXProject "Taskmaster" */ = {
			isa = XCConfigurationList;
			buildConfigurations = (
				EED1968629B4DF090010579C /* Debug */,
				EED1968729B4DF090010579C /* Release */,
			);
			defaultConfigurationIsVisible = 0;
			defaultConfigurationName = Release;
		};
		EED1968829B4DF090010579C /* Build configuration list for PBXNativeTarget "Taskmaster" */ = {
			isa = XCConfigurationList;
			buildConfigurations = (
				EED1968929B4DF090010579C /* Debug */,
				EED1968A29B4DF090010579C /* Release */,
			);
			defaultConfigurationIsVisible = 0;
			defaultConfigurationName = Release;
		};
/* End XCConfigurationList section */

/* Begin XCVersionGroup section */
		EED1968329B4DF090010579C /* Taskmaster.xcdatamodeld */ = {
			isa = XCVersionGroup;
			children = (
				EED1968429B4DF090010579C /* Taskmaster.xcdatamodel */,
			);
			currentVersion = EED1968429B4DF090010579C /* Taskmaster.xcdatamodel */;
			path = Taskmaster.xcdatamodeld;
			sourceTree = "<group>";
			versionGroupType = wrapper.xcdatamodel;
		};
/* End XCVersionGroup section */
	};
	rootObject = EED1966D29B4DF080010579C /* Project object */;
}
